
Microsoft Visual Studio Solution File, Format Version 12.00
# Visual Studio 2013
VisualStudioVersion = 12.0.30501.0
MinimumVisualStudioVersion = 10.0.40219.1
Project("{FAE04EC0-301F-11D3-BF4B-00C04F79EFBC}") = "Log4Net.HttpAppender", "Log4Net.HttpAppender\Log4Net.HttpAppender.csproj", "{ADBADD3A-3737-4C39-ADBC-D8202B6CBA63}"
EndProject
Project("{2150E333-8FDC-42A3-9474-1A3956D46DE8}") = "build", "build", "{A2945A0A-D514-4C14-A761-7B90FD7388B2}"
	ProjectSection(SolutionItems) = preProject
		build\Build-net45.ps1 = build\Build-net45.ps1
	EndProjectSection
EndProject
Project("{2150E333-8FDC-42A3-9474-1A3956D46DE8}") = "misc", "misc", "{31B705EB-6A58-4B5F-9179-675712370142}"
	ProjectSection(SolutionItems) = preProject
		README.md = README.md
	EndProjectSection
EndProject
Project("{2150E333-8FDC-42A3-9474-1A3956D46DE8}") = "examples", "examples", "{EC836411-D0A1-4F6D-8D33-7F21FD803DCC}"
	ProjectSection(SolutionItems) = preProject
		examples\AsyncBatchHttpAppender.config = examples\AsyncBatchHttpAppender.config
	EndProjectSection
EndProject
Global
	GlobalSection(SolutionConfigurationPlatforms) = preSolution
		Debug|Any CPU = Debug|Any CPU
		Release|Any CPU = Release|Any CPU
	EndGlobalSection
	GlobalSection(ProjectConfigurationPlatforms) = postSolution
		{ADBADD3A-3737-4C39-ADBC-D8202B6CBA63}.Debug|Any CPU.ActiveCfg = Debug|Any CPU
		{ADBADD3A-3737-4C39-ADBC-D8202B6CBA63}.Debug|Any CPU.Build.0 = Debug|Any CPU
		{ADBADD3A-3737-4C39-ADBC-D8202B6CBA63}.Release|Any CPU.ActiveCfg = Release|Any CPU
		{ADBADD3A-3737-4C39-ADBC-D8202B6CBA63}.Release|Any CPU.Build.0 = Release|Any CPU
	EndGlobalSection
	GlobalSection(SolutionProperties) = preSolution
		HideSolutionNode = FALSE
	EndGlobalSection
EndGlobal
